
Microsoft Visual Studio Solution File, Format Version 12.00
# Visual Studio 15
VisualStudioVersion = 15.0.26730.8
MinimumVisualStudioVersion = 10.0.40219.1
Project("{2150E333-8FDC-42A3-9474-1A3956D46DE8}") = "Microservices", "Microservices", "{FB0017E0-D821-431E-9CFE-284CDBCEDF34}"
EndProject
Project("{2150E333-8FDC-42A3-9474-1A3956D46DE8}") = "Domain", "Domain", "{E7CBAAD7-2BFB-47F0-92E4-F7AA8756A6D7}"
EndProject
Project("{2150E333-8FDC-42A3-9474-1A3956D46DE8}") = "Infra.Bus", "Infra.Bus", "{EBFBC1B1-60E8-4AF3-8C9F-00B575D77B5C}"
EndProject
Project("{2150E333-8FDC-42A3-9474-1A3956D46DE8}") = "Infa.IoC", "Infa.IoC", "{F55DD5B5-3390-4135-8D7F-F566D46D7B39}"
EndProject
Project("{2150E333-8FDC-42A3-9474-1A3956D46DE8}") = "Presentation", "Presentation", "{E528A576-7172-4408-A457-669E2DAF98C5}"
EndProject
Project("{9A19103F-16F7-4668-BE54-9A1E7A4F7556}") = "MicroRabbit.Domain.Core", "MicroRabbit.Domain.Core\MicroRabbit.Domain.Core.csproj", "{4B34F84C-0B15-40B4-8D99-410996B30730}"
EndProject
Project("{9A19103F-16F7-4668-BE54-9A1E7A4F7556}") = "MicroRabbit.Infra.Bus", "MicroRabbit.Infra.Bus\MicroRabbit.Infra.Bus.csproj", "{D0BF9943-84DF-42A9-9B45-6D4968587414}"
EndProject
Project("{2150E333-8FDC-42A3-9474-1A3956D46DE8}") = "Banking", "Banking", "{766F58AF-04B7-4CD2-9E0F-DBBFD661DF1C}"
EndProject
Project("{2150E333-8FDC-42A3-9474-1A3956D46DE8}") = "Api", "Api", "{0745F656-C3B8-4F7C-973F-E98CC5D27E9C}"
EndProject
Project("{2150E333-8FDC-42A3-9474-1A3956D46DE8}") = "Domain", "Domain", "{9B98F93E-8D07-4F88-B906-E57141D54096}"
EndProject
Project("{2150E333-8FDC-42A3-9474-1A3956D46DE8}") = "Application", "Application", "{DCDCB488-B0AC-4316-BE15-709E8164C3BF}"
EndProject
Project("{2150E333-8FDC-42A3-9474-1A3956D46DE8}") = "Data", "Data", "{ABA31247-4DFC-4348-AC4C-6D0F0A263BFE}"
EndProject
Project("{9A19103F-16F7-4668-BE54-9A1E7A4F7556}") = "MicroRabbit.Banking.Application", "MicroRabbit.Banking.Application\MicroRabbit.Banking.Application.csproj", "{91A3E4B9-7743-4F86-8A78-F50F58344F20}"
EndProject
Project("{FAE04EC0-301F-11D3-BF4B-00C04F79EFBC}") = "MicroRabbit.Banking.Domain", "MicroRabbit.Banking.Domain\MicroRabbit.Banking.Domain.csproj", "{26234761-2D79-4A41-878E-53E9A2DA56B2}"
EndProject
Project("{FAE04EC0-301F-11D3-BF4B-00C04F79EFBC}") = "MicroRabbit.Infra.IoC", "MicroRabbit.Infra.IoC\MicroRabbit.Infra.IoC.csproj", "{3D46AC6F-7F84-48DC-909A-00D3DFCC145A}"
EndProject
Global
	GlobalSection(SolutionConfigurationPlatforms) = preSolution
		Debug|Any CPU = Debug|Any CPU
		Release|Any CPU = Release|Any CPU
	EndGlobalSection
	GlobalSection(ProjectConfigurationPlatforms) = postSolution
		{4B34F84C-0B15-40B4-8D99-410996B30730}.Debug|Any CPU.ActiveCfg = Debug|Any CPU
		{4B34F84C-0B15-40B4-8D99-410996B30730}.Debug|Any CPU.Build.0 = Debug|Any CPU
		{4B34F84C-0B15-40B4-8D99-410996B30730}.Release|Any CPU.ActiveCfg = Release|Any CPU
		{4B34F84C-0B15-40B4-8D99-410996B30730}.Release|Any CPU.Build.0 = Release|Any CPU
		{D0BF9943-84DF-42A9-9B45-6D4968587414}.Debug|Any CPU.ActiveCfg = Debug|Any CPU
		{D0BF9943-84DF-42A9-9B45-6D4968587414}.Debug|Any CPU.Build.0 = Debug|Any CPU
		{D0BF9943-84DF-42A9-9B45-6D4968587414}.Release|Any CPU.ActiveCfg = Release|Any CPU
		{D0BF9943-84DF-42A9-9B45-6D4968587414}.Release|Any CPU.Build.0 = Release|Any CPU
		{91A3E4B9-7743-4F86-8A78-F50F58344F20}.Debug|Any CPU.ActiveCfg = Debug|Any CPU
		{91A3E4B9-7743-4F86-8A78-F50F58344F20}.Debug|Any CPU.Build.0 = Debug|Any CPU
		{91A3E4B9-7743-4F86-8A78-F50F58344F20}.Release|Any CPU.ActiveCfg = Release|Any CPU
		{91A3E4B9-7743-4F86-8A78-F50F58344F20}.Release|Any CPU.Build.0 = Release|Any CPU
		{26234761-2D79-4A41-878E-53E9A2DA56B2}.Debug|Any CPU.ActiveCfg = Debug|Any CPU
		{26234761-2D79-4A41-878E-53E9A2DA56B2}.Debug|Any CPU.Build.0 = Debug|Any CPU
		{26234761-2D79-4A41-878E-53E9A2DA56B2}.Release|Any CPU.ActiveCfg = Release|Any CPU
		{26234761-2D79-4A41-878E-53E9A2DA56B2}.Release|Any CPU.Build.0 = Release|Any CPU
		{3D46AC6F-7F84-48DC-909A-00D3DFCC145A}.Debug|Any CPU.ActiveCfg = Debug|Any CPU
		{3D46AC6F-7F84-48DC-909A-00D3DFCC145A}.Debug|Any CPU.Build.0 = Debug|Any CPU
		{3D46AC6F-7F84-48DC-909A-00D3DFCC145A}.Release|Any CPU.ActiveCfg = Release|Any CPU
		{3D46AC6F-7F84-48DC-909A-00D3DFCC145A}.Release|Any CPU.Build.0 = Release|Any CPU
	EndGlobalSection
	GlobalSection(SolutionProperties) = preSolution
		HideSolutionNode = FALSE
	EndGlobalSection
	GlobalSection(NestedProjects) = preSolution
		{4B34F84C-0B15-40B4-8D99-410996B30730} = {E7CBAAD7-2BFB-47F0-92E4-F7AA8756A6D7}
		{D0BF9943-84DF-42A9-9B45-6D4968587414} = {EBFBC1B1-60E8-4AF3-8C9F-00B575D77B5C}
		{766F58AF-04B7-4CD2-9E0F-DBBFD661DF1C} = {FB0017E0-D821-431E-9CFE-284CDBCEDF34}
		{0745F656-C3B8-4F7C-973F-E98CC5D27E9C} = {766F58AF-04B7-4CD2-9E0F-DBBFD661DF1C}
		{9B98F93E-8D07-4F88-B906-E57141D54096} = {766F58AF-04B7-4CD2-9E0F-DBBFD661DF1C}
		{DCDCB488-B0AC-4316-BE15-709E8164C3BF} = {766F58AF-04B7-4CD2-9E0F-DBBFD661DF1C}
		{ABA31247-4DFC-4348-AC4C-6D0F0A263BFE} = {766F58AF-04B7-4CD2-9E0F-DBBFD661DF1C}
		{91A3E4B9-7743-4F86-8A78-F50F58344F20} = {DCDCB488-B0AC-4316-BE15-709E8164C3BF}
		{26234761-2D79-4A41-878E-53E9A2DA56B2} = {9B98F93E-8D07-4F88-B906-E57141D54096}
		{3D46AC6F-7F84-48DC-909A-00D3DFCC145A} = {F55DD5B5-3390-4135-8D7F-F566D46D7B39}
	EndGlobalSection
	GlobalSection(ExtensibilityGlobals) = postSolution
		SolutionGuid = {F24BA6A9-41E8-499F-A6AB-A5A17789AC49}
	EndGlobalSection
EndGlobal
